
Microsoft Visual Studio Solution File, Format Version 12.00
# Visual Studio Version 17
VisualStudioVersion = 17.4.33213.308
MinimumVisualStudioVersion = 10.0.40219.1
Project("{9A19103F-16F7-4668-BE54-9A1E7A4F7556}") = "vnbuild", "src\vnbuild.csproj", "{78010087-AE67-458A-B426-EE78F62CC78C}"
EndProject
Project("{2150E333-8FDC-42A3-9474-1A3956D46DE8}") = "Solution Items", "Solution Items", "{46AFA632-D1A1-41F5-8C81-7864D6000A2D}"
	ProjectSection(SolutionItems) = preProject
		.gitattributes = .gitattributes
		.gitignore = .gitignore
		.onedev-buildspec.yml = .onedev-buildspec.yml
		GitVersion.yml = GitVersion.yml
		Module.Taskfile.yaml = Module.Taskfile.yaml
		Taskfile.yaml = Taskfile.yaml
	EndProjectSection
EndProject
Global
	GlobalSection(SolutionConfigurationPlatforms) = preSolution
		Debug|Any CPU = Debug|Any CPU
		Release|Any CPU = Release|Any CPU
	EndGlobalSection
	GlobalSection(ProjectConfigurationPlatforms) = postSolution
		{78010087-AE67-458A-B426-EE78F62CC78C}.Debug|Any CPU.ActiveCfg = Debug|Any CPU
		{78010087-AE67-458A-B426-EE78F62CC78C}.Debug|Any CPU.Build.0 = Debug|Any CPU
		{78010087-AE67-458A-B426-EE78F62CC78C}.Release|Any CPU.ActiveCfg = Release|Any CPU
		{78010087-AE67-458A-B426-EE78F62CC78C}.Release|Any CPU.Build.0 = Release|Any CPU
	EndGlobalSection
	GlobalSection(SolutionProperties) = preSolution
		HideSolutionNode = FALSE
	EndGlobalSection
	GlobalSection(ExtensibilityGlobals) = postSolution
		SolutionGuid = {00D8043A-78D7-44A7-B85A-6B5827CCB7AF}
	EndGlobalSection
EndGlobal
